
Microsoft Visual Studio Solution File, Format Version 12.00
# Visual Studio Version 16
VisualStudioVersion = 16.0.29926.136
MinimumVisualStudioVersion = 10.0.40219.1
Project("{FAE04EC0-301F-11D3-BF4B-00C04F79EFBC}") = "WinAppBeautySalon", "WinAppBeautySalon\WinAppBeautySalon.csproj", "{D0CE698E-7BD0-4359-9AD0-6052222F6BEE}"
EndProject
Global
	GlobalSection(SolutionConfigurationPlatforms) = preSolution
		Debug|Any CPU = Debug|Any CPU
		Release|Any CPU = Release|Any CPU
	EndGlobalSection
	GlobalSection(ProjectConfigurationPlatforms) = postSolution
		{D0CE698E-7BD0-4359-9AD0-6052222F6BEE}.Debug|Any CPU.ActiveCfg = Debug|Any CPU
		{D0CE698E-7BD0-4359-9AD0-6052222F6BEE}.Debug|Any CPU.Build.0 = Debug|Any CPU
		{D0CE698E-7BD0-4359-9AD0-6052222F6BEE}.Release|Any CPU.ActiveCfg = Release|Any CPU
		{D0CE698E-7BD0-4359-9AD0-6052222F6BEE}.Release|Any CPU.Build.0 = Release|Any CPU
	EndGlobalSection
	GlobalSection(SolutionProperties) = preSolution
		HideSolutionNode = FALSE
	EndGlobalSection
	GlobalSection(ExtensibilityGlobals) = postSolution
		SolutionGuid = {714F161A-D28F-4287-A58C-7E7DC21C0303}
	EndGlobalSection
EndGlobal
